// !$*UTF8*$!
{
	archiveVersion = 1;
	classes = {
	};
	objectVersion = 50;
	objects = {

/* Begin PBXBuildFile section */
		092F8232669424A8AA104F36 /* Pods_Flight_Info.framework in Frameworks */ = {isa = PBXBuildFile; fileRef = DA844A8B84CEC5B330D02E8B /* Pods_Flight_Info.framework */; };
		4F5C9BA521D14A16006F53D2 /* AppDelegate.swift in Sources */ = {isa = PBXBuildFile; fileRef = 4F5C9BA421D14A16006F53D2 /* AppDelegate.swift */; };
		4F5C9BA721D14A16006F53D2 /* MapVC.swift in Sources */ = {isa = PBXBuildFile; fileRef = 4F5C9BA621D14A16006F53D2 /* MapVC.swift */; };
		4F5C9BAA21D14A16006F53D2 /* Main.storyboard in Resources */ = {isa = PBXBuildFile; fileRef = 4F5C9BA821D14A16006F53D2 /* Main.storyboard */; };
		4F5C9BAC21D14A18006F53D2 /* Assets.xcassets in Resources */ = {isa = PBXBuildFile; fileRef = 4F5C9BAB21D14A18006F53D2 /* Assets.xcassets */; };
		4F5C9BAF21D14A18006F53D2 /* LaunchScreen.storyboard in Resources */ = {isa = PBXBuildFile; fileRef = 4F5C9BAD21D14A18006F53D2 /* LaunchScreen.storyboard */; };
		4F5C9BBA21D2629A006F53D2 /* FSClientConstants.swift in Sources */ = {isa = PBXBuildFile; fileRef = 4F5C9BB921D2629A006F53D2 /* FSClientConstants.swift */; };
		4F5C9BBC21D43CE0006F53D2 /* RequestUtils.swift in Sources */ = {isa = PBXBuildFile; fileRef = 4F5C9BBB21D43CE0006F53D2 /* RequestUtils.swift */; };
		4F5C9BBE21D43D0C006F53D2 /* FlightsNearRequest.swift in Sources */ = {isa = PBXBuildFile; fileRef = 4F5C9BBD21D43D0C006F53D2 /* FlightsNearRequest.swift */; };
		4F5C9BC021D43D22006F53D2 /* FlightTrackRequest.swift in Sources */ = {isa = PBXBuildFile; fileRef = 4F5C9BBF21D43D22006F53D2 /* FlightTrackRequest.swift */; };
		4F5C9BC321D444A7006F53D2 /* FlightsNearDataSource.swift in Sources */ = {isa = PBXBuildFile; fileRef = 4F5C9BC221D444A7006F53D2 /* FlightsNearDataSource.swift */; };
		4F5C9BC621D44D4F006F53D2 /* FSNearFlightsResponse.swift in Sources */ = {isa = PBXBuildFile; fileRef = 4F5C9BC521D44D4F006F53D2 /* FSNearFlightsResponse.swift */; };
		4F5C9BC921D45232006F53D2 /* ObservableType+Map.swift in Sources */ = {isa = PBXBuildFile; fileRef = 4F5C9BC821D45232006F53D2 /* ObservableType+Map.swift */; };
		4F5C9BCD21D4D83F006F53D2 /* GetFlightsNearUseCase.swift in Sources */ = {isa = PBXBuildFile; fileRef = 4F5C9BCC21D4D83F006F53D2 /* GetFlightsNearUseCase.swift */; };
		4F5C9BD021D4D93D006F53D2 /* FlightsNearRepository.swift in Sources */ = {isa = PBXBuildFile; fileRef = 4F5C9BCF21D4D93D006F53D2 /* FlightsNearRepository.swift */; };
		4F5C9BD321D4D9E3006F53D2 /* FlightsNearCache.swift in Sources */ = {isa = PBXBuildFile; fileRef = 4F5C9BD221D4D9E3006F53D2 /* FlightsNearCache.swift */; };
		4F5C9BD621D4ECEA006F53D2 /* NearFlight.swift in Sources */ = {isa = PBXBuildFile; fileRef = 4F5C9BD521D4ECEA006F53D2 /* NearFlight.swift */; };
		4F5C9BD921D4EF5C006F53D2 /* FlightNearbyMapper.swift in Sources */ = {isa = PBXBuildFile; fileRef = 4F5C9BD821D4EF5C006F53D2 /* FlightNearbyMapper.swift */; };
		4F5C9BDD21D53735006F53D2 /* MapViewModel.swift in Sources */ = {isa = PBXBuildFile; fileRef = 4F5C9BDC21D53735006F53D2 /* MapViewModel.swift */; };
		4F5C9BDF21D537AD006F53D2 /* MapViewState.swift in Sources */ = {isa = PBXBuildFile; fileRef = 4F5C9BDE21D537AD006F53D2 /* MapViewState.swift */; };
		4F5C9BE221D53A79006F53D2 /* StringUtils.swift in Sources */ = {isa = PBXBuildFile; fileRef = 4F5C9BE121D53A79006F53D2 /* StringUtils.swift */; };
		4F5C9BE521D54260006F53D2 /* AlertPresenter.swift in Sources */ = {isa = PBXBuildFile; fileRef = 4F5C9BE421D54260006F53D2 /* AlertPresenter.swift */; };
		4F5C9BE921D542E5006F53D2 /* ActivityIndicator.swift in Sources */ = {isa = PBXBuildFile; fileRef = 4F5C9BE821D542E5006F53D2 /* ActivityIndicator.swift */; };
		4F5C9BEB21D54A66006F53D2 /* Colors.swift in Sources */ = {isa = PBXBuildFile; fileRef = 4F5C9BEA21D54A66006F53D2 /* Colors.swift */; };
		4F5C9BED21D56232006F53D2 /* MapVC+MapDelegate.swift in Sources */ = {isa = PBXBuildFile; fileRef = 4F5C9BEC21D56232006F53D2 /* MapVC+MapDelegate.swift */; };
		4F5C9BEF21D7B0EE006F53D2 /* FSFlightTrackResponse.swift in Sources */ = {isa = PBXBuildFile; fileRef = 4F5C9BEE21D7B0EE006F53D2 /* FSFlightTrackResponse.swift */; };
		4F5C9BF121D7B31D006F53D2 /* FlightTrackDataSource.swift in Sources */ = {isa = PBXBuildFile; fileRef = 4F5C9BF021D7B31D006F53D2 /* FlightTrackDataSource.swift */; };
		4F5C9BF321D7B53A006F53D2 /* FlightTrackCache.swift in Sources */ = {isa = PBXBuildFile; fileRef = 4F5C9BF221D7B53A006F53D2 /* FlightTrackCache.swift */; };
		4F5C9BF521D7B632006F53D2 /* FlightTrackRepository.swift in Sources */ = {isa = PBXBuildFile; fileRef = 4F5C9BF421D7B632006F53D2 /* FlightTrackRepository.swift */; };
		4F5C9BF721D7B8B2006F53D2 /* FlightTrack.swift in Sources */ = {isa = PBXBuildFile; fileRef = 4F5C9BF621D7B8B2006F53D2 /* FlightTrack.swift */; };
		4F5C9BF921D7B9B6006F53D2 /* GetFlightTrackUseCase.swift in Sources */ = {isa = PBXBuildFile; fileRef = 4F5C9BF821D7B9B6006F53D2 /* GetFlightTrackUseCase.swift */; };
		4F5C9BFB21D7BC10006F53D2 /* FlightTrackMapper.swift in Sources */ = {isa = PBXBuildFile; fileRef = 4F5C9BFA21D7BC10006F53D2 /* FlightTrackMapper.swift */; };
		4F5C9BFD21D7DE9C006F53D2 /* DetailsVC.swift in Sources */ = {isa = PBXBuildFile; fileRef = 4F5C9BFC21D7DE9C006F53D2 /* DetailsVC.swift */; };
		4F5C9C0021D7DEC2006F53D2 /* DetailsViewModel.swift in Sources */ = {isa = PBXBuildFile; fileRef = 4F5C9BFF21D7DEC2006F53D2 /* DetailsViewModel.swift */; };
		4F5C9C0221D7DED7006F53D2 /* DetailsViewState.swift in Sources */ = {isa = PBXBuildFile; fileRef = 4F5C9C0121D7DED7006F53D2 /* DetailsViewState.swift */; };
		4F5C9C0821D9ADA1006F53D2 /* Localizable.strings in Resources */ = {isa = PBXBuildFile; fileRef = 4F5C9C0A21D9ADA1006F53D2 /* Localizable.strings */; };
/* End PBXBuildFile section */

/* Begin PBXFileReference section */
		4F5C9BA121D14A16006F53D2 /* Flight Info.app */ = {isa = PBXFileReference; explicitFileType = wrapper.application; includeInIndex = 0; path = "Flight Info.app"; sourceTree = BUILT_PRODUCTS_DIR; };
		4F5C9BA421D14A16006F53D2 /* AppDelegate.swift */ = {isa = PBXFileReference; lastKnownFileType = sourcecode.swift; path = AppDelegate.swift; sourceTree = "<group>"; };
		4F5C9BA621D14A16006F53D2 /* MapVC.swift */ = {isa = PBXFileReference; lastKnownFileType = sourcecode.swift; path = MapVC.swift; sourceTree = "<group>"; };
		4F5C9BA921D14A16006F53D2 /* Base */ = {isa = PBXFileReference; lastKnownFileType = file.storyboard; name = Base; path = Base.lproj/Main.storyboard; sourceTree = "<group>"; };
		4F5C9BAB21D14A18006F53D2 /* Assets.xcassets */ = {isa = PBXFileReference; lastKnownFileType = folder.assetcatalog; path = Assets.xcassets; sourceTree = "<group>"; };
		4F5C9BAE21D14A18006F53D2 /* Base */ = {isa = PBXFileReference; lastKnownFileType = file.storyboard; name = Base; path = Base.lproj/LaunchScreen.storyboard; sourceTree = "<group>"; };
		4F5C9BB021D14A18006F53D2 /* Info.plist */ = {isa = PBXFileReference; lastKnownFileType = text.plist.xml; path = Info.plist; sourceTree = "<group>"; };
		4F5C9BB921D2629A006F53D2 /* FSClientConstants.swift */ = {isa = PBXFileReference; lastKnownFileType = sourcecode.swift; path = FSClientConstants.swift; sourceTree = "<group>"; };
		4F5C9BBB21D43CE0006F53D2 /* RequestUtils.swift */ = {isa = PBXFileReference; lastKnownFileType = sourcecode.swift; path = RequestUtils.swift; sourceTree = "<group>"; };
		4F5C9BBD21D43D0C006F53D2 /* FlightsNearRequest.swift */ = {isa = PBXFileReference; lastKnownFileType = sourcecode.swift; path = FlightsNearRequest.swift; sourceTree = "<group>"; };
		4F5C9BBF21D43D22006F53D2 /* FlightTrackRequest.swift */ = {isa = PBXFileReference; lastKnownFileType = sourcecode.swift; path = FlightTrackRequest.swift; sourceTree = "<group>"; };
		4F5C9BC221D444A7006F53D2 /* FlightsNearDataSource.swift */ = {isa = PBXFileReference; lastKnownFileType = sourcecode.swift; path = FlightsNearDataSource.swift; sourceTree = "<group>"; };
		4F5C9BC521D44D4F006F53D2 /* FSNearFlightsResponse.swift */ = {isa = PBXFileReference; lastKnownFileType = sourcecode.swift; path = FSNearFlightsResponse.swift; sourceTree = "<group>"; };
		4F5C9BC821D45232006F53D2 /* ObservableType+Map.swift */ = {isa = PBXFileReference; lastKnownFileType = sourcecode.swift; path = "ObservableType+Map.swift"; sourceTree = "<group>"; };
		4F5C9BCC21D4D83F006F53D2 /* GetFlightsNearUseCase.swift */ = {isa = PBXFileReference; lastKnownFileType = sourcecode.swift; path = GetFlightsNearUseCase.swift; sourceTree = "<group>"; };
		4F5C9BCF21D4D93D006F53D2 /* FlightsNearRepository.swift */ = {isa = PBXFileReference; lastKnownFileType = sourcecode.swift; path = FlightsNearRepository.swift; sourceTree = "<group>"; };
		4F5C9BD221D4D9E3006F53D2 /* FlightsNearCache.swift */ = {isa = PBXFileReference; lastKnownFileType = sourcecode.swift; path = FlightsNearCache.swift; sourceTree = "<group>"; };
		4F5C9BD521D4ECEA006F53D2 /* NearFlight.swift */ = {isa = PBXFileReference; lastKnownFileType = sourcecode.swift; path = NearFlight.swift; sourceTree = "<group>"; };
		4F5C9BD821D4EF5C006F53D2 /* FlightNearbyMapper.swift */ = {isa = PBXFileReference; lastKnownFileType = sourcecode.swift; path = FlightNearbyMapper.swift; sourceTree = "<group>"; };
		4F5C9BDC21D53735006F53D2 /* MapViewModel.swift */ = {isa = PBXFileReference; lastKnownFileType = sourcecode.swift; path = MapViewModel.swift; sourceTree = "<group>"; };
		4F5C9BDE21D537AD006F53D2 /* MapViewState.swift */ = {isa = PBXFileReference; lastKnownFileType = sourcecode.swift; path = MapViewState.swift; sourceTree = "<group>"; };
		4F5C9BE121D53A79006F53D2 /* StringUtils.swift */ = {isa = PBXFileReference; lastKnownFileType = sourcecode.swift; path = StringUtils.swift; sourceTree = "<group>"; };
		4F5C9BE421D54260006F53D2 /* AlertPresenter.swift */ = {isa = PBXFileReference; lastKnownFileType = sourcecode.swift; path = AlertPresenter.swift; sourceTree = "<group>"; };
		4F5C9BE821D542E5006F53D2 /* ActivityIndicator.swift */ = {isa = PBXFileReference; lastKnownFileType = sourcecode.swift; path = ActivityIndicator.swift; sourceTree = "<group>"; };
		4F5C9BEA21D54A66006F53D2 /* Colors.swift */ = {isa = PBXFileReference; lastKnownFileType = sourcecode.swift; path = Colors.swift; sourceTree = "<group>"; };
		4F5C9BEC21D56232006F53D2 /* MapVC+MapDelegate.swift */ = {isa = PBXFileReference; lastKnownFileType = sourcecode.swift; path = "MapVC+MapDelegate.swift"; sourceTree = "<group>"; };
		4F5C9BEE21D7B0EE006F53D2 /* FSFlightTrackResponse.swift */ = {isa = PBXFileReference; lastKnownFileType = sourcecode.swift; path = FSFlightTrackResponse.swift; sourceTree = "<group>"; };
		4F5C9BF021D7B31D006F53D2 /* FlightTrackDataSource.swift */ = {isa = PBXFileReference; lastKnownFileType = sourcecode.swift; path = FlightTrackDataSource.swift; sourceTree = "<group>"; };
		4F5C9BF221D7B53A006F53D2 /* FlightTrackCache.swift */ = {isa = PBXFileReference; lastKnownFileType = sourcecode.swift; path = FlightTrackCache.swift; sourceTree = "<group>"; };
		4F5C9BF421D7B632006F53D2 /* FlightTrackRepository.swift */ = {isa = PBXFileReference; lastKnownFileType = sourcecode.swift; path = FlightTrackRepository.swift; sourceTree = "<group>"; };
		4F5C9BF621D7B8B2006F53D2 /* FlightTrack.swift */ = {isa = PBXFileReference; lastKnownFileType = sourcecode.swift; path = FlightTrack.swift; sourceTree = "<group>"; };
		4F5C9BF821D7B9B6006F53D2 /* GetFlightTrackUseCase.swift */ = {isa = PBXFileReference; lastKnownFileType = sourcecode.swift; path = GetFlightTrackUseCase.swift; sourceTree = "<group>"; };
		4F5C9BFA21D7BC10006F53D2 /* FlightTrackMapper.swift */ = {isa = PBXFileReference; lastKnownFileType = sourcecode.swift; path = FlightTrackMapper.swift; sourceTree = "<group>"; };
		4F5C9BFC21D7DE9C006F53D2 /* DetailsVC.swift */ = {isa = PBXFileReference; lastKnownFileType = sourcecode.swift; path = DetailsVC.swift; sourceTree = "<group>"; };
		4F5C9BFF21D7DEC2006F53D2 /* DetailsViewModel.swift */ = {isa = PBXFileReference; lastKnownFileType = sourcecode.swift; path = DetailsViewModel.swift; sourceTree = "<group>"; };
		4F5C9C0121D7DED7006F53D2 /* DetailsViewState.swift */ = {isa = PBXFileReference; lastKnownFileType = sourcecode.swift; path = DetailsViewState.swift; sourceTree = "<group>"; };
		4F5C9C0921D9ADA1006F53D2 /* en */ = {isa = PBXFileReference; lastKnownFileType = text.plist.strings; name = en; path = en.lproj/Localizable.strings; sourceTree = "<group>"; };
		55A18236EE048A35C2447143 /* Pods-Flight Info.debug.xcconfig */ = {isa = PBXFileReference; includeInIndex = 1; lastKnownFileType = text.xcconfig; name = "Pods-Flight Info.debug.xcconfig"; path = "Pods/Target Support Files/Pods-Flight Info/Pods-Flight Info.debug.xcconfig"; sourceTree = "<group>"; };
		602836116C1DE8BAC441AE6E /* Pods-Flight Info.release.xcconfig */ = {isa = PBXFileReference; includeInIndex = 1; lastKnownFileType = text.xcconfig; name = "Pods-Flight Info.release.xcconfig"; path = "Pods/Target Support Files/Pods-Flight Info/Pods-Flight Info.release.xcconfig"; sourceTree = "<group>"; };
		DA844A8B84CEC5B330D02E8B /* Pods_Flight_Info.framework */ = {isa = PBXFileReference; explicitFileType = wrapper.framework; includeInIndex = 0; path = Pods_Flight_Info.framework; sourceTree = BUILT_PRODUCTS_DIR; };
/* End PBXFileReference section */

/* Begin PBXFrameworksBuildPhase section */
		4F5C9B9E21D14A16006F53D2 /* Frameworks */ = {
			isa = PBXFrameworksBuildPhase;
			buildActionMask = 2147483647;
			files = (
				092F8232669424A8AA104F36 /* Pods_Flight_Info.framework in Frameworks */,
			);
			runOnlyForDeploymentPostprocessing = 0;
		};
/* End PBXFrameworksBuildPhase section */

/* Begin PBXGroup section */
		08C25992CEE238FB9942C9F4 /* Frameworks */ = {
			isa = PBXGroup;
			children = (
				DA844A8B84CEC5B330D02E8B /* Pods_Flight_Info.framework */,
			);
			name = Frameworks;
			sourceTree = "<group>";
		};
		4F5C9B9821D14A16006F53D2 = {
			isa = PBXGroup;
			children = (
				4F5C9BA321D14A16006F53D2 /* Flight Info */,
				4F5C9BA221D14A16006F53D2 /* Products */,
				ADB1E581A8206B85B4E50511 /* Pods */,
				08C25992CEE238FB9942C9F4 /* Frameworks */,
			);
			sourceTree = "<group>";
		};
		4F5C9BA221D14A16006F53D2 /* Products */ = {
			isa = PBXGroup;
			children = (
				4F5C9BA121D14A16006F53D2 /* Flight Info.app */,
			);
			name = Products;
			sourceTree = "<group>";
		};
		4F5C9BA321D14A16006F53D2 /* Flight Info */ = {
			isa = PBXGroup;
			children = (
				4F5C9BE021D53A69006F53D2 /* Utils */,
				4F5C9BDA21D5370A006F53D2 /* Presentation */,
				4F5C9BCA21D4D80C006F53D2 /* Domain */,
				4F5C9BB621D26239006F53D2 /* Data */,
				4F5C9BA421D14A16006F53D2 /* AppDelegate.swift */,
				4F5C9BA821D14A16006F53D2 /* Main.storyboard */,
				4F5C9BAB21D14A18006F53D2 /* Assets.xcassets */,
				4F5C9BAD21D14A18006F53D2 /* LaunchScreen.storyboard */,
				4F5C9BB021D14A18006F53D2 /* Info.plist */,
			);
			path = "Flight Info";
			sourceTree = "<group>";
		};
		4F5C9BB621D26239006F53D2 /* Data */ = {
			isa = PBXGroup;
			children = (
				4F5C9BD721D4EF3D006F53D2 /* Mappers */,
				4F5C9BD121D4D9CE006F53D2 /* Cache */,
				4F5C9BC421D44D39006F53D2 /* Entities */,
				4F5C9BC121D4444F006F53D2 /* Data Sources */,
				4F5C9BB721D26248006F53D2 /* Remote */,
			);
			path = Data;
			sourceTree = "<group>";
		};
		4F5C9BB721D26248006F53D2 /* Remote */ = {
			isa = PBXGroup;
			children = (
				4F5C9BB821D26267006F53D2 /* FlightStats Client */,
			);
			path = Remote;
			sourceTree = "<group>";
		};
		4F5C9BB821D26267006F53D2 /* FlightStats Client */ = {
			isa = PBXGroup;
			children = (
				4F5C9BC721D4520E006F53D2 /* Requests */,
				4F5C9BB921D2629A006F53D2 /* FSClientConstants.swift */,
			);
			path = "FlightStats Client";
			sourceTree = "<group>";
		};
		4F5C9BC121D4444F006F53D2 /* Data Sources */ = {
			isa = PBXGroup;
			children = (
				4F5C9BC221D444A7006F53D2 /* FlightsNearDataSource.swift */,
				4F5C9BF021D7B31D006F53D2 /* FlightTrackDataSource.swift */,
			);
			path = "Data Sources";
			sourceTree = "<group>";
		};
		4F5C9BC421D44D39006F53D2 /* Entities */ = {
			isa = PBXGroup;
			children = (
				4F5C9BC521D44D4F006F53D2 /* FSNearFlightsResponse.swift */,
				4F5C9BEE21D7B0EE006F53D2 /* FSFlightTrackResponse.swift */,
			);
			path = Entities;
			sourceTree = "<group>";
		};
		4F5C9BC721D4520E006F53D2 /* Requests */ = {
			isa = PBXGroup;
			children = (
				4F5C9BBB21D43CE0006F53D2 /* RequestUtils.swift */,
				4F5C9BBD21D43D0C006F53D2 /* FlightsNearRequest.swift */,
				4F5C9BBF21D43D22006F53D2 /* FlightTrackRequest.swift */,
				4F5C9BC821D45232006F53D2 /* ObservableType+Map.swift */,
			);
			path = Requests;
			sourceTree = "<group>";
		};
		4F5C9BCA21D4D80C006F53D2 /* Domain */ = {
			isa = PBXGroup;
			children = (
				4F5C9BD421D4ECC7006F53D2 /* Model */,
				4F5C9BCE21D4D91C006F53D2 /* Repository */,
				4F5C9BCB21D4D815006F53D2 /* Interactors */,
			);
			path = Domain;
			sourceTree = "<group>";
		};
		4F5C9BCB21D4D815006F53D2 /* Interactors */ = {
			isa = PBXGroup;
			children = (
				4F5C9BCC21D4D83F006F53D2 /* GetFlightsNearUseCase.swift */,
				4F5C9BF821D7B9B6006F53D2 /* GetFlightTrackUseCase.swift */,
			);
			path = Interactors;
			sourceTree = "<group>";
		};
		4F5C9BCE21D4D91C006F53D2 /* Repository */ = {
			isa = PBXGroup;
			children = (
				4F5C9BCF21D4D93D006F53D2 /* FlightsNearRepository.swift */,
				4F5C9BF421D7B632006F53D2 /* FlightTrackRepository.swift */,
			);
			path = Repository;
			sourceTree = "<group>";
		};
		4F5C9BD121D4D9CE006F53D2 /* Cache */ = {
			isa = PBXGroup;
			children = (
				4F5C9BD221D4D9E3006F53D2 /* FlightsNearCache.swift */,
				4F5C9BF221D7B53A006F53D2 /* FlightTrackCache.swift */,
			);
			path = Cache;
			sourceTree = "<group>";
		};
		4F5C9BD421D4ECC7006F53D2 /* Model */ = {
			isa = PBXGroup;
			children = (
				4F5C9BD521D4ECEA006F53D2 /* NearFlight.swift */,
				4F5C9BF621D7B8B2006F53D2 /* FlightTrack.swift */,
			);
			path = Model;
			sourceTree = "<group>";
		};
		4F5C9BD721D4EF3D006F53D2 /* Mappers */ = {
			isa = PBXGroup;
			children = (
				4F5C9BD821D4EF5C006F53D2 /* FlightNearbyMapper.swift */,
				4F5C9BFA21D7BC10006F53D2 /* FlightTrackMapper.swift */,
			);
			path = Mappers;
			sourceTree = "<group>";
		};
		4F5C9BDA21D5370A006F53D2 /* Presentation */ = {
			isa = PBXGroup;
			children = (
				4F5C9C0521D9AD50006F53D2 /* Texts */,
				4F5C9BFE21D7DEA2006F53D2 /* Details */,
				4F5C9BE321D54250006F53D2 /* Utils */,
				4F5C9BDB21D53720006F53D2 /* Map */,
			);
			path = Presentation;
			sourceTree = "<group>";
		};
		4F5C9BDB21D53720006F53D2 /* Map */ = {
			isa = PBXGroup;
			children = (
				4F5C9BA621D14A16006F53D2 /* MapVC.swift */,
				4F5C9BDC21D53735006F53D2 /* MapViewModel.swift */,
				4F5C9BDE21D537AD006F53D2 /* MapViewState.swift */,
				4F5C9BEC21D56232006F53D2 /* MapVC+MapDelegate.swift */,
			);
			path = Map;
			sourceTree = "<group>";
		};
		4F5C9BE021D53A69006F53D2 /* Utils */ = {
			isa = PBXGroup;
			children = (
				4F5C9BE121D53A79006F53D2 /* StringUtils.swift */,
			);
			path = Utils;
			sourceTree = "<group>";
		};
		4F5C9BE321D54250006F53D2 /* Utils */ = {
			isa = PBXGroup;
			children = (
				4F5C9BE421D54260006F53D2 /* AlertPresenter.swift */,
				4F5C9BE821D542E5006F53D2 /* ActivityIndicator.swift */,
				4F5C9BEA21D54A66006F53D2 /* Colors.swift */,
			);
			path = Utils;
			sourceTree = "<group>";
		};
		4F5C9BFE21D7DEA2006F53D2 /* Details */ = {
			isa = PBXGroup;
			children = (
				4F5C9BFC21D7DE9C006F53D2 /* DetailsVC.swift */,
				4F5C9BFF21D7DEC2006F53D2 /* DetailsViewModel.swift */,
				4F5C9C0121D7DED7006F53D2 /* DetailsViewState.swift */,
			);
			path = Details;
			sourceTree = "<group>";
		};
		4F5C9C0521D9AD50006F53D2 /* Texts */ = {
			isa = PBXGroup;
			children = (
				4F5C9C0A21D9ADA1006F53D2 /* Localizable.strings */,
			);
			path = Texts;
			sourceTree = "<group>";
		};
		ADB1E581A8206B85B4E50511 /* Pods */ = {
			isa = PBXGroup;
			children = (
				55A18236EE048A35C2447143 /* Pods-Flight Info.debug.xcconfig */,
				602836116C1DE8BAC441AE6E /* Pods-Flight Info.release.xcconfig */,
			);
			name = Pods;
			sourceTree = "<group>";
		};
/* End PBXGroup section */

/* Begin PBXNativeTarget section */
		4F5C9BA021D14A16006F53D2 /* Flight Info */ = {
			isa = PBXNativeTarget;
			buildConfigurationList = 4F5C9BB321D14A18006F53D2 /* Build configuration list for PBXNativeTarget "Flight Info" */;
			buildPhases = (
				2196C6D080B4B7FA7297694B /* [CP] Check Pods Manifest.lock */,
				4F5C9B9D21D14A16006F53D2 /* Sources */,
				4F5C9B9E21D14A16006F53D2 /* Frameworks */,
				4F5C9B9F21D14A16006F53D2 /* Resources */,
				75D5B41FA978B63E477F39E7 /* [CP] Embed Pods Frameworks */,
			);
			buildRules = (
			);
			dependencies = (
			);
			name = "Flight Info";
			productName = "Flight Info";
			productReference = 4F5C9BA121D14A16006F53D2 /* Flight Info.app */;
			productType = "com.apple.product-type.application";
		};
/* End PBXNativeTarget section */

/* Begin PBXProject section */
		4F5C9B9921D14A16006F53D2 /* Project object */ = {
			isa = PBXProject;
			attributes = {
				LastSwiftUpdateCheck = 1010;
				LastUpgradeCheck = 1010;
				ORGANIZATIONNAME = "Maria Rodriguez";
				TargetAttributes = {
					4F5C9BA021D14A16006F53D2 = {
						CreatedOnToolsVersion = 10.1;
					};
				};
			};
			buildConfigurationList = 4F5C9B9C21D14A16006F53D2 /* Build configuration list for PBXProject "Flight Info" */;
			compatibilityVersion = "Xcode 9.3";
			developmentRegion = en;
			hasScannedForEncodings = 0;
			knownRegions = (
				en,
				Base,
			);
			mainGroup = 4F5C9B9821D14A16006F53D2;
			productRefGroup = 4F5C9BA221D14A16006F53D2 /* Products */;
			projectDirPath = "";
			projectRoot = "";
			targets = (
				4F5C9BA021D14A16006F53D2 /* Flight Info */,
			);
		};
/* End PBXProject section */

/* Begin PBXResourcesBuildPhase section */
		4F5C9B9F21D14A16006F53D2 /* Resources */ = {
			isa = PBXResourcesBuildPhase;
			buildActionMask = 2147483647;
			files = (
				4F5C9BAF21D14A18006F53D2 /* LaunchScreen.storyboard in Resources */,
				4F5C9C0821D9ADA1006F53D2 /* Localizable.strings in Resources */,
				4F5C9BAC21D14A18006F53D2 /* Assets.xcassets in Resources */,
				4F5C9BAA21D14A16006F53D2 /* Main.storyboard in Resources */,
			);
			runOnlyForDeploymentPostprocessing = 0;
		};
/* End PBXResourcesBuildPhase section */

/* Begin PBXShellScriptBuildPhase section */
		2196C6D080B4B7FA7297694B /* [CP] Check Pods Manifest.lock */ = {
			isa = PBXShellScriptBuildPhase;
			buildActionMask = 2147483647;
			files = (
			);
			inputPaths = (
				"${PODS_PODFILE_DIR_PATH}/Podfile.lock",
				"${PODS_ROOT}/Manifest.lock",
			);
			name = "[CP] Check Pods Manifest.lock";
			outputPaths = (
				"$(DERIVED_FILE_DIR)/Pods-Flight Info-checkManifestLockResult.txt",
			);
			runOnlyForDeploymentPostprocessing = 0;
			shellPath = /bin/sh;
			shellScript = "diff \"${PODS_PODFILE_DIR_PATH}/Podfile.lock\" \"${PODS_ROOT}/Manifest.lock\" > /dev/null\nif [ $? != 0 ] ; then\n    # print error to STDERR\n    echo \"error: The sandbox is not in sync with the Podfile.lock. Run 'pod install' or update your CocoaPods installation.\" >&2\n    exit 1\nfi\n# This output is used by Xcode 'outputs' to avoid re-running this script phase.\necho \"SUCCESS\" > \"${SCRIPT_OUTPUT_FILE_0}\"\n";
			showEnvVarsInLog = 0;
		};
		75D5B41FA978B63E477F39E7 /* [CP] Embed Pods Frameworks */ = {
			isa = PBXShellScriptBuildPhase;
			buildActionMask = 2147483647;
			files = (
			);
			inputPaths = (
				"${SRCROOT}/Pods/Target Support Files/Pods-Flight Info/Pods-Flight Info-frameworks.sh",
				"${BUILT_PRODUCTS_DIR}/Alamofire/Alamofire.framework",
				"${BUILT_PRODUCTS_DIR}/RxAlamofire/RxAlamofire.framework",
				"${BUILT_PRODUCTS_DIR}/RxAtomic/RxAtomic.framework",
				"${BUILT_PRODUCTS_DIR}/RxSwift/RxSwift.framework",
			);
			name = "[CP] Embed Pods Frameworks";
			outputPaths = (
				"${TARGET_BUILD_DIR}/${FRAMEWORKS_FOLDER_PATH}/Alamofire.framework",
				"${TARGET_BUILD_DIR}/${FRAMEWORKS_FOLDER_PATH}/RxAlamofire.framework",
				"${TARGET_BUILD_DIR}/${FRAMEWORKS_FOLDER_PATH}/RxAtomic.framework",
				"${TARGET_BUILD_DIR}/${FRAMEWORKS_FOLDER_PATH}/RxSwift.framework",
			);
			runOnlyForDeploymentPostprocessing = 0;
			shellPath = /bin/sh;
			shellScript = "\"${SRCROOT}/Pods/Target Support Files/Pods-Flight Info/Pods-Flight Info-frameworks.sh\"\n";
			showEnvVarsInLog = 0;
		};
/* End PBXShellScriptBuildPhase section */

/* Begin PBXSourcesBuildPhase section */
		4F5C9B9D21D14A16006F53D2 /* Sources */ = {
			isa = PBXSourcesBuildPhase;
			buildActionMask = 2147483647;
			files = (
				4F5C9BF921D7B9B6006F53D2 /* GetFlightTrackUseCase.swift in Sources */,
				4F5C9BC621D44D4F006F53D2 /* FSNearFlightsResponse.swift in Sources */,
				4F5C9BFB21D7BC10006F53D2 /* FlightTrackMapper.swift in Sources */,
				4F5C9BF721D7B8B2006F53D2 /* FlightTrack.swift in Sources */,
				4F5C9BEB21D54A66006F53D2 /* Colors.swift in Sources */,
				4F5C9BF521D7B632006F53D2 /* FlightTrackRepository.swift in Sources */,
				4F5C9BBA21D2629A006F53D2 /* FSClientConstants.swift in Sources */,
				4F5C9BF121D7B31D006F53D2 /* FlightTrackDataSource.swift in Sources */,
				4F5C9BE921D542E5006F53D2 /* ActivityIndicator.swift in Sources */,
				4F5C9BA721D14A16006F53D2 /* MapVC.swift in Sources */,
				4F5C9BA521D14A16006F53D2 /* AppDelegate.swift in Sources */,
				4F5C9BBE21D43D0C006F53D2 /* FlightsNearRequest.swift in Sources */,
				4F5C9BF321D7B53A006F53D2 /* FlightTrackCache.swift in Sources */,
				4F5C9BE521D54260006F53D2 /* AlertPresenter.swift in Sources */,
				4F5C9C0221D7DED7006F53D2 /* DetailsViewState.swift in Sources */,
				4F5C9BC321D444A7006F53D2 /* FlightsNearDataSource.swift in Sources */,
				4F5C9BBC21D43CE0006F53D2 /* RequestUtils.swift in Sources */,
				4F5C9BDF21D537AD006F53D2 /* MapViewState.swift in Sources */,
				4F5C9C0021D7DEC2006F53D2 /* DetailsViewModel.swift in Sources */,
				4F5C9BEF21D7B0EE006F53D2 /* FSFlightTrackResponse.swift in Sources */,
				4F5C9BED21D56232006F53D2 /* MapVC+MapDelegate.swift in Sources */,
				4F5C9BC021D43D22006F53D2 /* FlightTrackRequest.swift in Sources */,
				4F5C9BD321D4D9E3006F53D2 /* FlightsNearCache.swift in Sources */,
				4F5C9BE221D53A79006F53D2 /* StringUtils.swift in Sources */,
				4F5C9BC921D45232006F53D2 /* ObservableType+Map.swift in Sources */,
				4F5C9BCD21D4D83F006F53D2 /* GetFlightsNearUseCase.swift in Sources */,
				4F5C9BFD21D7DE9C006F53D2 /* DetailsVC.swift in Sources */,
				4F5C9BDD21D53735006F53D2 /* MapViewModel.swift in Sources */,
				4F5C9BD921D4EF5C006F53D2 /* FlightNearbyMapper.swift in Sources */,
				4F5C9BD021D4D93D006F53D2 /* FlightsNearRepository.swift in Sources */,
				4F5C9BD621D4ECEA006F53D2 /* NearFlight.swift in Sources */,
			);
			runOnlyForDeploymentPostprocessing = 0;
		};
/* End PBXSourcesBuildPhase section */

/* Begin PBXVariantGroup section */
		4F5C9BA821D14A16006F53D2 /* Main.storyboard */ = {
			isa = PBXVariantGroup;
			children = (
				4F5C9BA921D14A16006F53D2 /* Base */,
			);
			name = Main.storyboard;
			sourceTree = "<group>";
		};
		4F5C9BAD21D14A18006F53D2 /* LaunchScreen.storyboard */ = {
			isa = PBXVariantGroup;
			children = (
				4F5C9BAE21D14A18006F53D2 /* Base */,
			);
			name = LaunchScreen.storyboard;
			sourceTree = "<group>";
		};
		4F5C9C0A21D9ADA1006F53D2 /* Localizable.strings */ = {
			isa = PBXVariantGroup;
			children = (
				4F5C9C0921D9ADA1006F53D2 /* en */,
			);
			name = Localizable.strings;
			sourceTree = "<group>";
		};
/* End PBXVariantGroup section */

/* Begin XCBuildConfiguration section */
		4F5C9BB121D14A18006F53D2 /* Debug */ = {
			isa = XCBuildConfiguration;
			buildSettings = {
				ALWAYS_SEARCH_USER_PATHS = NO;
				CLANG_ANALYZER_NONNULL = YES;
				CLANG_ANALYZER_NUMBER_OBJECT_CONVERSION = YES_AGGRESSIVE;
				CLANG_CXX_LANGUAGE_STANDARD = "gnu++14";
				CLANG_CXX_LIBRARY = "libc++";
				CLANG_ENABLE_MODULES = YES;
				CLANG_ENABLE_OBJC_ARC = YES;
				CLANG_ENABLE_OBJC_WEAK = YES;
				CLANG_WARN_BLOCK_CAPTURE_AUTORELEASING = YES;
				CLANG_WARN_BOOL_CONVERSION = YES;
				CLANG_WARN_COMMA = YES;
				CLANG_WARN_CONSTANT_CONVERSION = YES;
				CLANG_WARN_DEPRECATED_OBJC_IMPLEMENTATIONS = YES;
				CLANG_WARN_DIRECT_OBJC_ISA_USAGE = YES_ERROR;
				CLANG_WARN_DOCUMENTATION_COMMENTS = YES;
				CLANG_WARN_EMPTY_BODY = YES;
				CLANG_WARN_ENUM_CONVERSION = YES;
				CLANG_WARN_INFINITE_RECURSION = YES;
				CLANG_WARN_INT_CONVERSION = YES;
				CLANG_WARN_NON_LITERAL_NULL_CONVERSION = YES;
				CLANG_WARN_OBJC_IMPLICIT_RETAIN_SELF = YES;
				CLANG_WARN_OBJC_LITERAL_CONVERSION = YES;
				CLANG_WARN_OBJC_ROOT_CLASS = YES_ERROR;
				CLANG_WARN_RANGE_LOOP_ANALYSIS = YES;
				CLANG_WARN_STRICT_PROTOTYPES = YES;
				CLANG_WARN_SUSPICIOUS_MOVE = YES;
				CLANG_WARN_UNGUARDED_AVAILABILITY = YES_AGGRESSIVE;
				CLANG_WARN_UNREACHABLE_CODE = YES;
				CLANG_WARN__DUPLICATE_METHOD_MATCH = YES;
				CODE_SIGN_IDENTITY = "iPhone Developer";
				COPY_PHASE_STRIP = NO;
				DEBUG_INFORMATION_FORMAT = dwarf;
				ENABLE_STRICT_OBJC_MSGSEND = YES;
				ENABLE_TESTABILITY = YES;
				GCC_C_LANGUAGE_STANDARD = gnu11;
				GCC_DYNAMIC_NO_PIC = NO;
				GCC_NO_COMMON_BLOCKS = YES;
				GCC_OPTIMIZATION_LEVEL = 0;
				GCC_PREPROCESSOR_DEFINITIONS = (
					"DEBUG=1",
					"$(inherited)",
				);
				GCC_WARN_64_TO_32_BIT_CONVERSION = YES;
				GCC_WARN_ABOUT_RETURN_TYPE = YES_ERROR;
				GCC_WARN_UNDECLARED_SELECTOR = YES;
				GCC_WARN_UNINITIALIZED_AUTOS = YES_AGGRESSIVE;
				GCC_WARN_UNUSED_FUNCTION = YES;
				GCC_WARN_UNUSED_VARIABLE = YES;
				IPHONEOS_DEPLOYMENT_TARGET = 12.1;
				MTL_ENABLE_DEBUG_INFO = INCLUDE_SOURCE;
				MTL_FAST_MATH = YES;
				ONLY_ACTIVE_ARCH = YES;
				SDKROOT = iphoneos;
				SWIFT_ACTIVE_COMPILATION_CONDITIONS = DEBUG;
				SWIFT_OPTIMIZATION_LEVEL = "-Onone";
			};
			name = Debug;
		};
		4F5C9BB221D14A18006F53D2 /* Release */ = {
			isa = XCBuildConfiguration;
			buildSettings = {
				ALWAYS_SEARCH_USER_PATHS = NO;
				CLANG_ANALYZER_NONNULL = YES;
				CLANG_ANALYZER_NUMBER_OBJECT_CONVERSION = YES_AGGRESSIVE;
				CLANG_CXX_LANGUAGE_STANDARD = "gnu++14";
				CLANG_CXX_LIBRARY = "libc++";
				CLANG_ENABLE_MODULES = YES;
				CLANG_ENABLE_OBJC_ARC = YES;
				CLANG_ENABLE_OBJC_WEAK = YES;
				CLANG_WARN_BLOCK_CAPTURE_AUTORELEASING = YES;
				CLANG_WARN_BOOL_CONVERSION = YES;
				CLANG_WARN_COMMA = YES;
				CLANG_WARN_CONSTANT_CONVERSION = YES;
				CLANG_WARN_DEPRECATED_OBJC_IMPLEMENTATIONS = YES;
				CLANG_WARN_DIRECT_OBJC_ISA_USAGE = YES_ERROR;
				CLANG_WARN_DOCUMENTATION_COMMENTS = YES;
				CLANG_WARN_EMPTY_BODY = YES;
				CLANG_WARN_ENUM_CONVERSION = YES;
				CLANG_WARN_INFINITE_RECURSION = YES;
				CLANG_WARN_INT_CONVERSION = YES;
				CLANG_WARN_NON_LITERAL_NULL_CONVERSION = YES;
				CLANG_WARN_OBJC_IMPLICIT_RETAIN_SELF = YES;
				CLANG_WARN_OBJC_LITERAL_CONVERSION = YES;
				CLANG_WARN_OBJC_ROOT_CLASS = YES_ERROR;
				CLANG_WARN_RANGE_LOOP_ANALYSIS = YES;
				CLANG_WARN_STRICT_PROTOTYPES = YES;
				CLANG_WARN_SUSPICIOUS_MOVE = YES;
				CLANG_WARN_UNGUARDED_AVAILABILITY = YES_AGGRESSIVE;
				CLANG_WARN_UNREACHABLE_CODE = YES;
				CLANG_WARN__DUPLICATE_METHOD_MATCH = YES;
				CODE_SIGN_IDENTITY = "iPhone Developer";
				COPY_PHASE_STRIP = NO;
				DEBUG_INFORMATION_FORMAT = "dwarf-with-dsym";
				ENABLE_NS_ASSERTIONS = NO;
				ENABLE_STRICT_OBJC_MSGSEND = YES;
				GCC_C_LANGUAGE_STANDARD = gnu11;
				GCC_NO_COMMON_BLOCKS = YES;
				GCC_WARN_64_TO_32_BIT_CONVERSION = YES;
				GCC_WARN_ABOUT_RETURN_TYPE = YES_ERROR;
				GCC_WARN_UNDECLARED_SELECTOR = YES;
				GCC_WARN_UNINITIALIZED_AUTOS = YES_AGGRESSIVE;
				GCC_WARN_UNUSED_FUNCTION = YES;
				GCC_WARN_UNUSED_VARIABLE = YES;
				IPHONEOS_DEPLOYMENT_TARGET = 12.1;
				MTL_ENABLE_DEBUG_INFO = NO;
				MTL_FAST_MATH = YES;
				SDKROOT = iphoneos;
				SWIFT_COMPILATION_MODE = wholemodule;
				SWIFT_OPTIMIZATION_LEVEL = "-O";
				VALIDATE_PRODUCT = YES;
			};
			name = Release;
		};
		4F5C9BB421D14A18006F53D2 /* Debug */ = {
			isa = XCBuildConfiguration;
			baseConfigurationReference = 55A18236EE048A35C2447143 /* Pods-Flight Info.debug.xcconfig */;
			buildSettings = {
				ASSETCATALOG_COMPILER_APPICON_NAME = AppIcon;
				CODE_SIGN_STYLE = Automatic;
				DEVELOPMENT_TEAM = 6K8STNARR6;
				INFOPLIST_FILE = "Flight Info/Info.plist";
				LD_RUNPATH_SEARCH_PATHS = (
					"$(inherited)",
					"@executable_path/Frameworks",
				);
				PRODUCT_BUNDLE_IDENTIFIER = "com.rodriguez.maria.Flight-Info";
				PRODUCT_NAME = "$(TARGET_NAME)";
				SWIFT_VERSION = 4.2;
				TARGETED_DEVICE_FAMILY = "1,2";
			};
			name = Debug;
		};
		4F5C9BB521D14A18006F53D2 /* Release */ = {
			isa = XCBuildConfiguration;
			baseConfigurationReference = 602836116C1DE8BAC441AE6E /* Pods-Flight Info.release.xcconfig */;
			buildSettings = {
				ASSETCATALOG_COMPILER_APPICON_NAME = AppIcon;
				CODE_SIGN_STYLE = Automatic;
				DEVELOPMENT_TEAM = 6K8STNARR6;
				INFOPLIST_FILE = "Flight Info/Info.plist";
				LD_RUNPATH_SEARCH_PATHS = (
					"$(inherited)",
					"@executable_path/Frameworks",
				);
				PRODUCT_BUNDLE_IDENTIFIER = "com.rodriguez.maria.Flight-Info";
				PRODUCT_NAME = "$(TARGET_NAME)";
				SWIFT_VERSION = 4.2;
				TARGETED_DEVICE_FAMILY = "1,2";
			};
			name = Release;
		};
/* End XCBuildConfiguration section */

/* Begin XCConfigurationList section */
		4F5C9B9C21D14A16006F53D2 /* Build configuration list for PBXProject "Flight Info" */ = {
			isa = XCConfigurationList;
			buildConfigurations = (
				4F5C9BB121D14A18006F53D2 /* Debug */,
				4F5C9BB221D14A18006F53D2 /* Release */,
			);
			defaultConfigurationIsVisible = 0;
			defaultConfigurationName = Release;
		};
		4F5C9BB321D14A18006F53D2 /* Build configuration list for PBXNativeTarget "Flight Info" */ = {
			isa = XCConfigurationList;
			buildConfigurations = (
				4F5C9BB421D14A18006F53D2 /* Debug */,
				4F5C9BB521D14A18006F53D2 /* Release */,
			);
			defaultConfigurationIsVisible = 0;
			defaultConfigurationName = Release;
		};
/* End XCConfigurationList section */
	};
	rootObject = 4F5C9B9921D14A16006F53D2 /* Project object */;
}
